# THIS IS AN AUTOGENERATED FILE. DO NOT EDIT THIS FILE DIRECTLY.
# yarn lockfile v1


bootstrap@^5.3.3:
  version "5.3.3"
  resolved "https://registry.yarnpkg.com/bootstrap/-/bootstrap-5.3.3.tgz#de35e1a765c897ac940021900fcbb831602bac38"
  integrity sha512-8HLCdWgyoMguSO9o+aH+iuZ+aht+mzW0u3HIMzVu7Srrpv7EBBxTnrFlSCskwdY1+EOFQSm7uMJhNQHkdPcmjg==

bootswatch@^5.3.3:
  version "5.3.3"
  resolved "https://registry.yarnpkg.com/bootswatch/-/bootswatch-5.3.3.tgz#fb8f671862165a06a70aee10f84ee2cc77b52120"
  integrity sha512-cJLhobnZsVCelU7zdH/L7wpcXAyUoTX4/5l2dWQ0JXgaVK80BdTQNU/ImWwoyIGBeyms4iQDAdNtOfPQZf0Atg==

htmx.org@^2.0.4:
  version "2.0.4"
  resolved "https://registry.yarnpkg.com/htmx.org/-/htmx.org-2.0.4.tgz#74fce66b177eb59c6d251ecf1052a2478743bec9"
  integrity sha512-HLxMCdfXDOJirs3vBZl/ZLoY+c7PfM4Ahr2Ad4YXh6d22T5ltbTXFFkpx9Tgb2vvmWFMbIc3LqN2ToNkZJvyYQ==
