# THIS IS AN AUTOGENERATED FILE. DO NOT EDIT THIS FILE DIRECTLY.
# yarn lockfile v1


bootstrap@^5.3.2:
  version "5.3.2"
  resolved "https://registry.yarnpkg.com/bootstrap/-/bootstrap-5.3.2.tgz#97226583f27aae93b2b28ab23f4c114757ff16ae"
  integrity sha512-D32nmNWiQHo94BKHLmOrdjlL05q1c8oxbtBphQFb9Z5to6eGRDCm0QgeaZ4zFBHzfg2++rqa2JkqCcxDy0sH0g==

bootswatch@^5.3.1:
  version "5.3.1"
  resolved "https://registry.yarnpkg.com/bootswatch/-/bootswatch-5.3.1.tgz#7eb1e8c39b9c049d4d4617e1ba222561758e1e8b"
  integrity sha512-WRO3SmPjyST5D+mAnhZ75bUn46/jAxlff8Z//PcrYW1KN5bHTl7c50cd7XUa9Hr7IwuffQB3U9xEdnVPmUfCSA==

htmx.org@^1.9.6:
  version "1.9.6"
  resolved "https://registry.yarnpkg.com/htmx.org/-/htmx.org-1.9.6.tgz#ed8f1f62e28699be21cbf97a161329c93595635d"
  integrity sha512-4Zebo9nzg8u2ZHuIJmvB/nQS6kIMLIoEfhTg/oRwyCIJhL5MLA/jPU1EPEBtGOmG4ZG0k05Vpd3sab2+zfvteQ==
